<?xml version="1.0" encoding="utf-8"?>
<Project ToolsVersion="4.0" xmlns="http://schemas.microsoft.com/developer/msbuild/2003">
  <ItemGroup>
    <ClCompile Include="DataCenter.cpp" />
    <ClCompile Include="HCC2019.cpp" />
    <ClCompile Include="io.cpp" />
    <ClCompile Include="pch.cpp" />
    <ClCompile Include="Road.cpp" />
    <ClCompile Include="Tools.cpp" />
    <ClCompile Include="Scheduler.cpp" />
    <ClCompile Include="dijkstra.cpp" />
    <ClCompile Include="Algorithm.cpp" />
  </ItemGroup>
  <ItemGroup>
    <ClInclude Include="DataCenter.h" />
    <ClInclude Include="define.h" />
    <ClInclude Include="lib_io.h" />
    <ClInclude Include="pch.h" />
    <ClInclude Include="Road.h" />
    <ClInclude Include="Tools.h" />
    <ClInclude Include="Scheduler.h" />
    <ClInclude Include="dijkstra.h" />
    <ClInclude Include="Algorithm.h" />
  </ItemGroup>
</Project>